
Microsoft Visual Studio Solution File, Format Version 12.00
# Visual Studio Version 17
VisualStudioVersion = 17.10.34928.147
MinimumVisualStudioVersion = 10.0.40219.1
Project("{9A19103F-16F7-4668-BE54-9A1E7A4F7556}") = "Demo.PL", "routeone\Demo.PL.csproj", "{028BEE39-7B7E-4884-B40D-967CB79F0378}"
EndProject
Project("{9A19103F-16F7-4668-BE54-9A1E7A4F7556}") = "Demo.DAL", "Demo.DAL\Demo.DAL.csproj", "{C3B8EBA2-0CD9-4441-98B4-D72A2436986B}"
EndProject
Project("{9A19103F-16F7-4668-BE54-9A1E7A4F7556}") = "Demo.BLL", "Demo.BLL\Demo.BLL.csproj", "{7933BFDB-6B6F-4132-8D4D-0A84D194D485}"
EndProject
Global
	GlobalSection(SolutionConfigurationPlatforms) = preSolution
		Debug|Any CPU = Debug|Any CPU
		Release|Any CPU = Release|Any CPU
	EndGlobalSection
	GlobalSection(ProjectConfigurationPlatforms) = postSolution
		{028BEE39-7B7E-4884-B40D-967CB79F0378}.Debug|Any CPU.ActiveCfg = Debug|Any CPU
		{028BEE39-7B7E-4884-B40D-967CB79F0378}.Debug|Any CPU.Build.0 = Debug|Any CPU
		{028BEE39-7B7E-4884-B40D-967CB79F0378}.Release|Any CPU.ActiveCfg = Release|Any CPU
		{028BEE39-7B7E-4884-B40D-967CB79F0378}.Release|Any CPU.Build.0 = Release|Any CPU
		{C3B8EBA2-0CD9-4441-98B4-D72A2436986B}.Debug|Any CPU.ActiveCfg = Debug|Any CPU
		{C3B8EBA2-0CD9-4441-98B4-D72A2436986B}.Debug|Any CPU.Build.0 = Debug|Any CPU
		{C3B8EBA2-0CD9-4441-98B4-D72A2436986B}.Release|Any CPU.ActiveCfg = Release|Any CPU
		{C3B8EBA2-0CD9-4441-98B4-D72A2436986B}.Release|Any CPU.Build.0 = Release|Any CPU
		{7933BFDB-6B6F-4132-8D4D-0A84D194D485}.Debug|Any CPU.ActiveCfg = Debug|Any CPU
		{7933BFDB-6B6F-4132-8D4D-0A84D194D485}.Debug|Any CPU.Build.0 = Debug|Any CPU
		{7933BFDB-6B6F-4132-8D4D-0A84D194D485}.Release|Any CPU.ActiveCfg = Release|Any CPU
		{7933BFDB-6B6F-4132-8D4D-0A84D194D485}.Release|Any CPU.Build.0 = Release|Any CPU
	EndGlobalSection
	GlobalSection(SolutionProperties) = preSolution
		HideSolutionNode = FALSE
	EndGlobalSection
	GlobalSection(ExtensibilityGlobals) = postSolution
		SolutionGuid = {15C8F0B2-F100-417A-B1F3-4A50D8184782}
	EndGlobalSection
EndGlobal
